
Microsoft Visual Studio Solution File, Format Version 12.00
# Visual Studio Version 17
VisualStudioVersion = 17.0.31717.71
MinimumVisualStudioVersion = 10.0.40219.1
Project("{9A19103F-16F7-4668-BE54-9A1E7A4F7556}") = "Lab2_if9", "Lab2_if9\Lab2_if9.csproj", "{7F234033-55AD-4429-BD50-C8B5DDBFE3A0}"
EndProject
Project("{FAE04EC0-301F-11D3-BF4B-00C04F79EFBC}") = "TestProject", "TestProject\TestProject.csproj", "{2C56BBB4-4EB8-4538-979C-903D5FE05D59}"
EndProject
Global
	GlobalSection(SolutionConfigurationPlatforms) = preSolution
		Debug|Any CPU = Debug|Any CPU
		Release|Any CPU = Release|Any CPU
	EndGlobalSection
	GlobalSection(ProjectConfigurationPlatforms) = postSolution
		{7F234033-55AD-4429-BD50-C8B5DDBFE3A0}.Debug|Any CPU.ActiveCfg = Debug|Any CPU
		{7F234033-55AD-4429-BD50-C8B5DDBFE3A0}.Debug|Any CPU.Build.0 = Debug|Any CPU
		{7F234033-55AD-4429-BD50-C8B5DDBFE3A0}.Release|Any CPU.ActiveCfg = Release|Any CPU
		{7F234033-55AD-4429-BD50-C8B5DDBFE3A0}.Release|Any CPU.Build.0 = Release|Any CPU
		{2C56BBB4-4EB8-4538-979C-903D5FE05D59}.Debug|Any CPU.ActiveCfg = Debug|Any CPU
		{2C56BBB4-4EB8-4538-979C-903D5FE05D59}.Debug|Any CPU.Build.0 = Debug|Any CPU
		{2C56BBB4-4EB8-4538-979C-903D5FE05D59}.Release|Any CPU.ActiveCfg = Release|Any CPU
		{2C56BBB4-4EB8-4538-979C-903D5FE05D59}.Release|Any CPU.Build.0 = Release|Any CPU
	EndGlobalSection
	GlobalSection(SolutionProperties) = preSolution
		HideSolutionNode = FALSE
	EndGlobalSection
	GlobalSection(ExtensibilityGlobals) = postSolution
		SolutionGuid = {05DE8BBD-6584-4293-AE4F-70E25DAFECBE}
	EndGlobalSection
EndGlobal
